
Microsoft Visual Studio Solution File, Format Version 12.00
# Visual Studio Version 17
VisualStudioVersion = 17.0.32014.148
MinimumVisualStudioVersion = 10.0.40219.1
Project("{FAE04EC0-301F-11D3-BF4B-00C04F79EFBC}") = "EZSensConverter", "EZSensConverter\EZSensConverter.csproj", "{FA39129B-6762-4F88-BE8D-539D6C3CF6A9}"
EndProject
Global
	GlobalSection(SolutionConfigurationPlatforms) = preSolution
		Debug|Any CPU = Debug|Any CPU
		Release|Any CPU = Release|Any CPU
	EndGlobalSection
	GlobalSection(ProjectConfigurationPlatforms) = postSolution
		{FA39129B-6762-4F88-BE8D-539D6C3CF6A9}.Debug|Any CPU.ActiveCfg = Debug|Any CPU
		{FA39129B-6762-4F88-BE8D-539D6C3CF6A9}.Debug|Any CPU.Build.0 = Debug|Any CPU
		{FA39129B-6762-4F88-BE8D-539D6C3CF6A9}.Release|Any CPU.ActiveCfg = Release|Any CPU
		{FA39129B-6762-4F88-BE8D-539D6C3CF6A9}.Release|Any CPU.Build.0 = Release|Any CPU
	EndGlobalSection
	GlobalSection(SolutionProperties) = preSolution
		HideSolutionNode = FALSE
	EndGlobalSection
	GlobalSection(ExtensibilityGlobals) = postSolution
		SolutionGuid = {C4169CC8-9630-495D-8B06-BE9467037AAA}
	EndGlobalSection
EndGlobal
